{
    "name": "yma-scrollbar",
    "version": "1.0.0",
    "lockfileVersion": 3,
    "requires": true,
    "packages": {
        "": {
            "name": "yma-scrollbar",
            "version": "1.0.0",
            "license": "ISC",
            "dependencies": {
                "yma-csskit": "^1.0.0"
            }
        },
        "node_modules/yma-csskit": {
            "version": "1.0.0",
            "resolved": "https://registry.npmjs.org/yma-csskit/-/yma-csskit-1.0.0.tgz",
            "integrity": "sha512-iF/wULO4P32R7W5dUx2MIU6SufZ5QcrZDgV+WSU01bL1zUUtQ/Z9VUW7YePM5GqlhUVE3D16ZoN9pn8QSPRa1A=="
        }
    }
}
