# THIS IS AN AUTOGENERATED FILE. DO NOT EDIT THIS FILE DIRECTLY.
# yarn lockfile v1


yma-csskit@1.0.2:
  version "1.0.2"
  resolved "https://registry.yarnpkg.com/yma-csskit/-/yma-csskit-1.0.2.tgz#413ca480a3db4b44bc38351d35fbbb9514bad925"
  integrity sha512-/NaakKIx+Lnw1VvNXvAORD4mfNLcitd9/wND3Wv4mP+TqdOQwJik7d4aylWz+/prxnH+L+cl60w+KpUZmADcxg==
